
Microsoft Visual Studio Solution File, Format Version 12.00
# Visual Studio 15
VisualStudioVersion = 15.0.27130.2036
MinimumVisualStudioVersion = 10.0.40219.1
Project("{FAE04EC0-301F-11D3-BF4B-00C04F79EFBC}") = "ReadOnlyVariable", "ReadOnlyVariable\ReadOnlyVariable.csproj", "{A348D254-78D7-44F1-91EE-DA5167BEA9C7}"
EndProject
Project("{FAE04EC0-301F-11D3-BF4B-00C04F79EFBC}") = "StaticClassDemo", "StaticClassDemo\StaticClassDemo.csproj", "{CA346D11-58B8-4874-9959-D0C17549DF08}"
EndProject
Project("{FAE04EC0-301F-11D3-BF4B-00C04F79EFBC}") = "PrivateConstructorDemo", "PrivateConstructorDemo\PrivateConstructorDemo.csproj", "{8E5A739D-5128-4E0A-907C-6B6341BEA2F0}"
EndProject
Project("{FAE04EC0-301F-11D3-BF4B-00C04F79EFBC}") = "ExtensionMethodDemo", "ExtensionMethodDemo\ExtensionMethodDemo.csproj", "{A4E718F6-BF2C-4C8A-A68A-82C36BF1AF21}"
EndProject
Project("{FAE04EC0-301F-11D3-BF4B-00C04F79EFBC}") = "VirtualMethodDemo", "VirtualMethodDemo\VirtualMethodDemo.csproj", "{554AE5CC-5DCA-4C0D-B22B-AB7956B82A93}"
EndProject
Project("{FAE04EC0-301F-11D3-BF4B-00C04F79EFBC}") = "AbstractClassDemo", "AbstractClassDemo\AbstractClassDemo.csproj", "{25AA0ABF-C790-4C29-A4BE-7990D7BDBFBF}"
EndProject
Project("{2150E333-8FDC-42A3-9474-1A3956D46DE8}") = "Copy", "Copy", "{198D0C6E-5067-496A-A41B-2596AC854E09}"
EndProject
Project("{FAE04EC0-301F-11D3-BF4B-00C04F79EFBC}") = "GenericDemo", "GenericDemo\GenericDemo.csproj", "{CE627FB4-C58F-4D8B-A0E1-CB9661DC7865}"
EndProject
Project("{FAE04EC0-301F-11D3-BF4B-00C04F79EFBC}") = "Calling Destructor", "Calling Destructor\Calling Destructor.csproj", "{B22F208E-9083-4A9B-9B85-9BF64AE8D436}"
EndProject
Project("{FAE04EC0-301F-11D3-BF4B-00C04F79EFBC}") = "ConstructorDemo", "ConstructorDemo\ConstructorDemo.csproj", "{77A63AE3-AA5F-46DC-A3FC-3D798EDD6B8D}"
EndProject
Project("{FAE04EC0-301F-11D3-BF4B-00C04F79EFBC}") = "TupleDemo", "TupleDemo\TupleDemo.csproj", "{518AE57D-E69C-4DF4-999C-6FF0C2466C72}"
EndProject
Project("{2150E333-8FDC-42A3-9474-1A3956D46DE8}") = "Important Interfaces", "Important Interfaces", "{EB80B373-B2CD-4597-9A52-A8B7E680D8D0}"
EndProject
Project("{FAE04EC0-301F-11D3-BF4B-00C04F79EFBC}") = "DisposableDemo", "Important Interfaces\DisposableDemo\DisposableDemo.csproj", "{D320BA30-8D9D-4AE3-908D-1CC6D697B7DA}"
EndProject
Project("{FAE04EC0-301F-11D3-BF4B-00C04F79EFBC}") = "InternalAndProtectedInternalDemo", "InternalAndProtectedInternalDemo\InternalAndProtectedInternalDemo.csproj", "{DEC44881-205B-4FC5-88EB-1421EFCC0B07}"
EndProject
Project("{FAE04EC0-301F-11D3-BF4B-00C04F79EFBC}") = "InternallDemoLibrary", "InternallDemoLibrary\InternallDemoLibrary.csproj", "{5756814A-0562-4510-A711-DAE670377A58}"
EndProject
Project("{FAE04EC0-301F-11D3-BF4B-00C04F79EFBC}") = "ProtectedInternallDemoLibrary", "ProtectedInternallDemoLibrary\ProtectedInternallDemoLibrary.csproj", "{A2977258-A1AA-4FED-A326-67CBB729A764}"
EndProject
Project("{FAE04EC0-301F-11D3-BF4B-00C04F79EFBC}") = "RefAndOutAndInDemo", "RefAndOutDemo\RefAndOutAndInDemo.csproj", "{7636260D-7015-4BFB-B342-0939607FC588}"
EndProject
Project("{2150E333-8FDC-42A3-9474-1A3956D46DE8}") = "Solution Items", "Solution Items", "{D3F73E04-C934-47BA-A10A-33A76ADA769D}"
	ProjectSection(SolutionItems) = preProject
		OOP_Concept.txt = OOP_Concept.txt
	EndProjectSection
EndProject
Project("{FAE04EC0-301F-11D3-BF4B-00C04F79EFBC}") = "SealDemo", "SealDemo\SealDemo.csproj", "{BE561ADE-EF4A-41B1-A2CE-4F165019DA49}"
EndProject
Project("{FAE04EC0-301F-11D3-BF4B-00C04F79EFBC}") = "ArrayAndArrayListDemo", "ArrayAndArrayListDemo\ArrayAndArrayListDemo.csproj", "{11436EB9-1A23-489E-B9E8-8568E81BE10C}"
EndProject
Project("{FAE04EC0-301F-11D3-BF4B-00C04F79EFBC}") = "JaggedArraysDemo", "JaggedArraysDemo\JaggedArraysDemo.csproj", "{5CC6C1E9-42C1-4166-8188-93A59753A6BB}"
EndProject
Project("{FAE04EC0-301F-11D3-BF4B-00C04F79EFBC}") = "TryCatchDemo", "TryCatchDemo\TryCatchDemo.csproj", "{ED145704-EB5F-4BED-8775-3B30EC8B03AB}"
EndProject
Project("{2150E333-8FDC-42A3-9474-1A3956D46DE8}") = "C_Sharp_7.2", "C_Sharp_7.2", "{4A9F7AE4-67DF-4EA8-8BB9-F069D620324B}"
EndProject
Project("{FAE04EC0-301F-11D3-BF4B-00C04F79EFBC}") = "PrivateProtectedDemo", "C_Sharp_7.2\PrivateProtectedDemo\PrivateProtectedDemo.csproj", "{4BC20209-A232-4B9E-A426-C700A58B4537}"
EndProject
Project("{FAE04EC0-301F-11D3-BF4B-00C04F79EFBC}") = "PrivateProtectedLibrary", "C_Sharp_7.2\PrivateProtectedLibrary\PrivateProtectedLibrary.csproj", "{E5100FEB-0A1F-4F62-B091-40117812EB84}"
EndProject
Project("{2150E333-8FDC-42A3-9474-1A3956D46DE8}") = "Func, Action And Local Function", "Func, Action And Local Function", "{215C3590-3D88-451F-96CB-DE17371B1C49}"
EndProject
Project("{FAE04EC0-301F-11D3-BF4B-00C04F79EFBC}") = "Func-Action-And-LocalFunction", "Func-Action-And-LocalFunction\Func-Action-And-LocalFunction.csproj", "{9DDFC06E-C33C-4F15-A2E1-1CEE4596E2A3}"
EndProject
Project("{FAE04EC0-301F-11D3-BF4B-00C04F79EFBC}") = "DefualtDemo", "DefualtDemo\DefualtDemo.csproj", "{47FDC205-E9FD-4854-9514-DE5880F658CB}"
EndProject
Project("{2150E333-8FDC-42A3-9474-1A3956D46DE8}") = "Database", "Database", "{58DBC0CF-61D6-4342-95C4-0423CB1B59A6}"
	ProjectSection(SolutionItems) = preProject
		10 MostCommonSqlQueriesasked.txt = 10 MostCommonSqlQueriesasked.txt
	EndProjectSection
EndProject
Project("{2150E333-8FDC-42A3-9474-1A3956D46DE8}") = "C-Sharp_6_0", "C-Sharp_6_0", "{0071D040-503B-4DA1-981A-D5E36A14AC40}"
EndProject
Project("{FAE04EC0-301F-11D3-BF4B-00C04F79EFBC}") = "C_Sharp_Demo_6_0", "C-Sharp_6_0\C_Sharp_Demo_6_0\C_Sharp_Demo_6_0.csproj", "{7431ACC5-E58F-4DE8-8DDC-6BCD879CB6D7}"
EndProject
Project("{FAE04EC0-301F-11D3-BF4B-00C04F79EFBC}") = "IEnumerableDemo2", "Important Interfaces\IEnumerableDemo2\IEnumerableDemo2.csproj", "{D00E6335-43CF-435B-A05A-065CB8EBC117}"
EndProject
Project("{FAE04EC0-301F-11D3-BF4B-00C04F79EFBC}") = "IQueryableDemo", "Important Interfaces\IQueryableDemo\IQueryableDemo.csproj", "{6A7F981C-FC0C-49A1-86E7-11A4B869489D}"
EndProject
Project("{FAE04EC0-301F-11D3-BF4B-00C04F79EFBC}") = "zDemo", "zDemo\zDemo.csproj", "{271ED3CF-1759-4358-BA8C-14FC90ADF215}"
EndProject
Project("{FAE04EC0-301F-11D3-BF4B-00C04F79EFBC}") = "DeepCopyDemo", "Copy\DeepCopyDemo\DeepCopyDemo.csproj", "{4F4D485D-46D0-4AC2-9C0E-CA6EA484CB0D}"
EndProject
Project("{FAE04EC0-301F-11D3-BF4B-00C04F79EFBC}") = "ReferenceCopyDemo", "Copy\ReferenceCopyDemo\ReferenceCopyDemo.csproj", "{2C7AD683-07A7-40F8-8829-A2EF177A5CF9}"
EndProject
Project("{FAE04EC0-301F-11D3-BF4B-00C04F79EFBC}") = "ShallowCopyDemo", "Copy\ShallowCopyDemo\ShallowCopyDemo.csproj", "{D5A90EDE-6158-443B-A223-66A9F96D8BAE}"
EndProject
Project("{2150E333-8FDC-42A3-9474-1A3956D46DE8}") = "SOLID", "SOLID", "{D6B850FC-F1F1-47F9-84B2-38567F9D8354}"
EndProject
Project("{FAE04EC0-301F-11D3-BF4B-00C04F79EFBC}") = "SRP", "SOLID\SRP\SRP.csproj", "{3E992E26-E26E-4B4C-8479-D6BEF0451243}"
EndProject
Project("{FAE04EC0-301F-11D3-BF4B-00C04F79EFBC}") = "OCP", "SOLID\OCP\OCP.csproj", "{6BA320D9-7997-43D6-9E0A-E31027F13468}"
EndProject
Project("{FAE04EC0-301F-11D3-BF4B-00C04F79EFBC}") = "LSP", "SOLID\LSP\LSP.csproj", "{7C2F10F1-1D06-4B75-90F6-B491CCCBDF26}"
EndProject
Project("{FAE04EC0-301F-11D3-BF4B-00C04F79EFBC}") = "ISP", "SOLID\ISP\ISP.csproj", "{AD8BEB49-0195-4A05-ABED-3898E802C9E9}"
EndProject
Project("{FAE04EC0-301F-11D3-BF4B-00C04F79EFBC}") = "DIP", "SOLID\DIP\DIP.csproj", "{7E84E106-C7DD-421E-A9C1-871EB5B8E8FE}"
EndProject
Global
	GlobalSection(SolutionConfigurationPlatforms) = preSolution
		Debug|Any CPU = Debug|Any CPU
		Release|Any CPU = Release|Any CPU
	EndGlobalSection
	GlobalSection(ProjectConfigurationPlatforms) = postSolution
		{A348D254-78D7-44F1-91EE-DA5167BEA9C7}.Debug|Any CPU.ActiveCfg = Debug|Any CPU
		{A348D254-78D7-44F1-91EE-DA5167BEA9C7}.Debug|Any CPU.Build.0 = Debug|Any CPU
		{A348D254-78D7-44F1-91EE-DA5167BEA9C7}.Release|Any CPU.ActiveCfg = Release|Any CPU
		{A348D254-78D7-44F1-91EE-DA5167BEA9C7}.Release|Any CPU.Build.0 = Release|Any CPU
		{CA346D11-58B8-4874-9959-D0C17549DF08}.Debug|Any CPU.ActiveCfg = Debug|Any CPU
		{CA346D11-58B8-4874-9959-D0C17549DF08}.Debug|Any CPU.Build.0 = Debug|Any CPU
		{CA346D11-58B8-4874-9959-D0C17549DF08}.Release|Any CPU.ActiveCfg = Release|Any CPU
		{CA346D11-58B8-4874-9959-D0C17549DF08}.Release|Any CPU.Build.0 = Release|Any CPU
		{8E5A739D-5128-4E0A-907C-6B6341BEA2F0}.Debug|Any CPU.ActiveCfg = Debug|Any CPU
		{8E5A739D-5128-4E0A-907C-6B6341BEA2F0}.Debug|Any CPU.Build.0 = Debug|Any CPU
		{8E5A739D-5128-4E0A-907C-6B6341BEA2F0}.Release|Any CPU.ActiveCfg = Release|Any CPU
		{8E5A739D-5128-4E0A-907C-6B6341BEA2F0}.Release|Any CPU.Build.0 = Release|Any CPU
		{A4E718F6-BF2C-4C8A-A68A-82C36BF1AF21}.Debug|Any CPU.ActiveCfg = Debug|Any CPU
		{A4E718F6-BF2C-4C8A-A68A-82C36BF1AF21}.Debug|Any CPU.Build.0 = Debug|Any CPU
		{A4E718F6-BF2C-4C8A-A68A-82C36BF1AF21}.Release|Any CPU.ActiveCfg = Release|Any CPU
		{A4E718F6-BF2C-4C8A-A68A-82C36BF1AF21}.Release|Any CPU.Build.0 = Release|Any CPU
		{554AE5CC-5DCA-4C0D-B22B-AB7956B82A93}.Debug|Any CPU.ActiveCfg = Debug|Any CPU
		{554AE5CC-5DCA-4C0D-B22B-AB7956B82A93}.Debug|Any CPU.Build.0 = Debug|Any CPU
		{554AE5CC-5DCA-4C0D-B22B-AB7956B82A93}.Release|Any CPU.ActiveCfg = Release|Any CPU
		{554AE5CC-5DCA-4C0D-B22B-AB7956B82A93}.Release|Any CPU.Build.0 = Release|Any CPU
		{25AA0ABF-C790-4C29-A4BE-7990D7BDBFBF}.Debug|Any CPU.ActiveCfg = Debug|Any CPU
		{25AA0ABF-C790-4C29-A4BE-7990D7BDBFBF}.Debug|Any CPU.Build.0 = Debug|Any CPU
		{25AA0ABF-C790-4C29-A4BE-7990D7BDBFBF}.Release|Any CPU.ActiveCfg = Release|Any CPU
		{25AA0ABF-C790-4C29-A4BE-7990D7BDBFBF}.Release|Any CPU.Build.0 = Release|Any CPU
		{CE627FB4-C58F-4D8B-A0E1-CB9661DC7865}.Debug|Any CPU.ActiveCfg = Debug|Any CPU
		{CE627FB4-C58F-4D8B-A0E1-CB9661DC7865}.Debug|Any CPU.Build.0 = Debug|Any CPU
		{CE627FB4-C58F-4D8B-A0E1-CB9661DC7865}.Release|Any CPU.ActiveCfg = Release|Any CPU
		{CE627FB4-C58F-4D8B-A0E1-CB9661DC7865}.Release|Any CPU.Build.0 = Release|Any CPU
		{B22F208E-9083-4A9B-9B85-9BF64AE8D436}.Debug|Any CPU.ActiveCfg = Debug|Any CPU
		{B22F208E-9083-4A9B-9B85-9BF64AE8D436}.Debug|Any CPU.Build.0 = Debug|Any CPU
		{B22F208E-9083-4A9B-9B85-9BF64AE8D436}.Release|Any CPU.ActiveCfg = Release|Any CPU
		{B22F208E-9083-4A9B-9B85-9BF64AE8D436}.Release|Any CPU.Build.0 = Release|Any CPU
		{77A63AE3-AA5F-46DC-A3FC-3D798EDD6B8D}.Debug|Any CPU.ActiveCfg = Debug|Any CPU
		{77A63AE3-AA5F-46DC-A3FC-3D798EDD6B8D}.Debug|Any CPU.Build.0 = Debug|Any CPU
		{77A63AE3-AA5F-46DC-A3FC-3D798EDD6B8D}.Release|Any CPU.ActiveCfg = Release|Any CPU
		{77A63AE3-AA5F-46DC-A3FC-3D798EDD6B8D}.Release|Any CPU.Build.0 = Release|Any CPU
		{518AE57D-E69C-4DF4-999C-6FF0C2466C72}.Debug|Any CPU.ActiveCfg = Debug|Any CPU
		{518AE57D-E69C-4DF4-999C-6FF0C2466C72}.Debug|Any CPU.Build.0 = Debug|Any CPU
		{518AE57D-E69C-4DF4-999C-6FF0C2466C72}.Release|Any CPU.ActiveCfg = Release|Any CPU
		{518AE57D-E69C-4DF4-999C-6FF0C2466C72}.Release|Any CPU.Build.0 = Release|Any CPU
		{D320BA30-8D9D-4AE3-908D-1CC6D697B7DA}.Debug|Any CPU.ActiveCfg = Debug|Any CPU
		{D320BA30-8D9D-4AE3-908D-1CC6D697B7DA}.Debug|Any CPU.Build.0 = Debug|Any CPU
		{D320BA30-8D9D-4AE3-908D-1CC6D697B7DA}.Release|Any CPU.ActiveCfg = Release|Any CPU
		{D320BA30-8D9D-4AE3-908D-1CC6D697B7DA}.Release|Any CPU.Build.0 = Release|Any CPU
		{DEC44881-205B-4FC5-88EB-1421EFCC0B07}.Debug|Any CPU.ActiveCfg = Debug|Any CPU
		{DEC44881-205B-4FC5-88EB-1421EFCC0B07}.Debug|Any CPU.Build.0 = Debug|Any CPU
		{DEC44881-205B-4FC5-88EB-1421EFCC0B07}.Release|Any CPU.ActiveCfg = Release|Any CPU
		{DEC44881-205B-4FC5-88EB-1421EFCC0B07}.Release|Any CPU.Build.0 = Release|Any CPU
		{5756814A-0562-4510-A711-DAE670377A58}.Debug|Any CPU.ActiveCfg = Debug|Any CPU
		{5756814A-0562-4510-A711-DAE670377A58}.Debug|Any CPU.Build.0 = Debug|Any CPU
		{5756814A-0562-4510-A711-DAE670377A58}.Release|Any CPU.ActiveCfg = Release|Any CPU
		{5756814A-0562-4510-A711-DAE670377A58}.Release|Any CPU.Build.0 = Release|Any CPU
		{A2977258-A1AA-4FED-A326-67CBB729A764}.Debug|Any CPU.ActiveCfg = Debug|Any CPU
		{A2977258-A1AA-4FED-A326-67CBB729A764}.Debug|Any CPU.Build.0 = Debug|Any CPU
		{A2977258-A1AA-4FED-A326-67CBB729A764}.Release|Any CPU.ActiveCfg = Release|Any CPU
		{A2977258-A1AA-4FED-A326-67CBB729A764}.Release|Any CPU.Build.0 = Release|Any CPU
		{7636260D-7015-4BFB-B342-0939607FC588}.Debug|Any CPU.ActiveCfg = Debug|Any CPU
		{7636260D-7015-4BFB-B342-0939607FC588}.Debug|Any CPU.Build.0 = Debug|Any CPU
		{7636260D-7015-4BFB-B342-0939607FC588}.Release|Any CPU.ActiveCfg = Release|Any CPU
		{7636260D-7015-4BFB-B342-0939607FC588}.Release|Any CPU.Build.0 = Release|Any CPU
		{BE561ADE-EF4A-41B1-A2CE-4F165019DA49}.Debug|Any CPU.ActiveCfg = Debug|Any CPU
		{BE561ADE-EF4A-41B1-A2CE-4F165019DA49}.Debug|Any CPU.Build.0 = Debug|Any CPU
		{BE561ADE-EF4A-41B1-A2CE-4F165019DA49}.Release|Any CPU.ActiveCfg = Release|Any CPU
		{BE561ADE-EF4A-41B1-A2CE-4F165019DA49}.Release|Any CPU.Build.0 = Release|Any CPU
		{11436EB9-1A23-489E-B9E8-8568E81BE10C}.Debug|Any CPU.ActiveCfg = Debug|Any CPU
		{11436EB9-1A23-489E-B9E8-8568E81BE10C}.Debug|Any CPU.Build.0 = Debug|Any CPU
		{11436EB9-1A23-489E-B9E8-8568E81BE10C}.Release|Any CPU.ActiveCfg = Release|Any CPU
		{11436EB9-1A23-489E-B9E8-8568E81BE10C}.Release|Any CPU.Build.0 = Release|Any CPU
		{5CC6C1E9-42C1-4166-8188-93A59753A6BB}.Debug|Any CPU.ActiveCfg = Debug|Any CPU
		{5CC6C1E9-42C1-4166-8188-93A59753A6BB}.Debug|Any CPU.Build.0 = Debug|Any CPU
		{5CC6C1E9-42C1-4166-8188-93A59753A6BB}.Release|Any CPU.ActiveCfg = Release|Any CPU
		{5CC6C1E9-42C1-4166-8188-93A59753A6BB}.Release|Any CPU.Build.0 = Release|Any CPU
		{ED145704-EB5F-4BED-8775-3B30EC8B03AB}.Debug|Any CPU.ActiveCfg = Debug|Any CPU
		{ED145704-EB5F-4BED-8775-3B30EC8B03AB}.Debug|Any CPU.Build.0 = Debug|Any CPU
		{ED145704-EB5F-4BED-8775-3B30EC8B03AB}.Release|Any CPU.ActiveCfg = Release|Any CPU
		{ED145704-EB5F-4BED-8775-3B30EC8B03AB}.Release|Any CPU.Build.0 = Release|Any CPU
		{4BC20209-A232-4B9E-A426-C700A58B4537}.Debug|Any CPU.ActiveCfg = Debug|Any CPU
		{4BC20209-A232-4B9E-A426-C700A58B4537}.Debug|Any CPU.Build.0 = Debug|Any CPU
		{4BC20209-A232-4B9E-A426-C700A58B4537}.Release|Any CPU.ActiveCfg = Release|Any CPU
		{4BC20209-A232-4B9E-A426-C700A58B4537}.Release|Any CPU.Build.0 = Release|Any CPU
		{E5100FEB-0A1F-4F62-B091-40117812EB84}.Debug|Any CPU.ActiveCfg = Debug|Any CPU
		{E5100FEB-0A1F-4F62-B091-40117812EB84}.Debug|Any CPU.Build.0 = Debug|Any CPU
		{E5100FEB-0A1F-4F62-B091-40117812EB84}.Release|Any CPU.ActiveCfg = Release|Any CPU
		{E5100FEB-0A1F-4F62-B091-40117812EB84}.Release|Any CPU.Build.0 = Release|Any CPU
		{9DDFC06E-C33C-4F15-A2E1-1CEE4596E2A3}.Debug|Any CPU.ActiveCfg = Debug|Any CPU
		{9DDFC06E-C33C-4F15-A2E1-1CEE4596E2A3}.Debug|Any CPU.Build.0 = Debug|Any CPU
		{9DDFC06E-C33C-4F15-A2E1-1CEE4596E2A3}.Release|Any CPU.ActiveCfg = Release|Any CPU
		{9DDFC06E-C33C-4F15-A2E1-1CEE4596E2A3}.Release|Any CPU.Build.0 = Release|Any CPU
		{47FDC205-E9FD-4854-9514-DE5880F658CB}.Debug|Any CPU.ActiveCfg = Debug|Any CPU
		{47FDC205-E9FD-4854-9514-DE5880F658CB}.Debug|Any CPU.Build.0 = Debug|Any CPU
		{47FDC205-E9FD-4854-9514-DE5880F658CB}.Release|Any CPU.ActiveCfg = Release|Any CPU
		{47FDC205-E9FD-4854-9514-DE5880F658CB}.Release|Any CPU.Build.0 = Release|Any CPU
		{7431ACC5-E58F-4DE8-8DDC-6BCD879CB6D7}.Debug|Any CPU.ActiveCfg = Debug|Any CPU
		{7431ACC5-E58F-4DE8-8DDC-6BCD879CB6D7}.Debug|Any CPU.Build.0 = Debug|Any CPU
		{7431ACC5-E58F-4DE8-8DDC-6BCD879CB6D7}.Release|Any CPU.ActiveCfg = Release|Any CPU
		{7431ACC5-E58F-4DE8-8DDC-6BCD879CB6D7}.Release|Any CPU.Build.0 = Release|Any CPU
		{D00E6335-43CF-435B-A05A-065CB8EBC117}.Debug|Any CPU.ActiveCfg = Debug|Any CPU
		{D00E6335-43CF-435B-A05A-065CB8EBC117}.Debug|Any CPU.Build.0 = Debug|Any CPU
		{D00E6335-43CF-435B-A05A-065CB8EBC117}.Release|Any CPU.ActiveCfg = Release|Any CPU
		{D00E6335-43CF-435B-A05A-065CB8EBC117}.Release|Any CPU.Build.0 = Release|Any CPU
		{6A7F981C-FC0C-49A1-86E7-11A4B869489D}.Debug|Any CPU.ActiveCfg = Debug|Any CPU
		{6A7F981C-FC0C-49A1-86E7-11A4B869489D}.Debug|Any CPU.Build.0 = Debug|Any CPU
		{6A7F981C-FC0C-49A1-86E7-11A4B869489D}.Release|Any CPU.ActiveCfg = Release|Any CPU
		{6A7F981C-FC0C-49A1-86E7-11A4B869489D}.Release|Any CPU.Build.0 = Release|Any CPU
		{271ED3CF-1759-4358-BA8C-14FC90ADF215}.Debug|Any CPU.ActiveCfg = Debug|Any CPU
		{271ED3CF-1759-4358-BA8C-14FC90ADF215}.Debug|Any CPU.Build.0 = Debug|Any CPU
		{271ED3CF-1759-4358-BA8C-14FC90ADF215}.Release|Any CPU.ActiveCfg = Release|Any CPU
		{271ED3CF-1759-4358-BA8C-14FC90ADF215}.Release|Any CPU.Build.0 = Release|Any CPU
		{4F4D485D-46D0-4AC2-9C0E-CA6EA484CB0D}.Debug|Any CPU.ActiveCfg = Debug|Any CPU
		{4F4D485D-46D0-4AC2-9C0E-CA6EA484CB0D}.Debug|Any CPU.Build.0 = Debug|Any CPU
		{4F4D485D-46D0-4AC2-9C0E-CA6EA484CB0D}.Release|Any CPU.ActiveCfg = Release|Any CPU
		{4F4D485D-46D0-4AC2-9C0E-CA6EA484CB0D}.Release|Any CPU.Build.0 = Release|Any CPU
		{2C7AD683-07A7-40F8-8829-A2EF177A5CF9}.Debug|Any CPU.ActiveCfg = Debug|Any CPU
		{2C7AD683-07A7-40F8-8829-A2EF177A5CF9}.Debug|Any CPU.Build.0 = Debug|Any CPU
		{2C7AD683-07A7-40F8-8829-A2EF177A5CF9}.Release|Any CPU.ActiveCfg = Release|Any CPU
		{2C7AD683-07A7-40F8-8829-A2EF177A5CF9}.Release|Any CPU.Build.0 = Release|Any CPU
		{D5A90EDE-6158-443B-A223-66A9F96D8BAE}.Debug|Any CPU.ActiveCfg = Debug|Any CPU
		{D5A90EDE-6158-443B-A223-66A9F96D8BAE}.Debug|Any CPU.Build.0 = Debug|Any CPU
		{D5A90EDE-6158-443B-A223-66A9F96D8BAE}.Release|Any CPU.ActiveCfg = Release|Any CPU
		{D5A90EDE-6158-443B-A223-66A9F96D8BAE}.Release|Any CPU.Build.0 = Release|Any CPU
		{3E992E26-E26E-4B4C-8479-D6BEF0451243}.Debug|Any CPU.ActiveCfg = Debug|Any CPU
		{3E992E26-E26E-4B4C-8479-D6BEF0451243}.Debug|Any CPU.Build.0 = Debug|Any CPU
		{3E992E26-E26E-4B4C-8479-D6BEF0451243}.Release|Any CPU.ActiveCfg = Release|Any CPU
		{3E992E26-E26E-4B4C-8479-D6BEF0451243}.Release|Any CPU.Build.0 = Release|Any CPU
		{6BA320D9-7997-43D6-9E0A-E31027F13468}.Debug|Any CPU.ActiveCfg = Debug|Any CPU
		{6BA320D9-7997-43D6-9E0A-E31027F13468}.Debug|Any CPU.Build.0 = Debug|Any CPU
		{6BA320D9-7997-43D6-9E0A-E31027F13468}.Release|Any CPU.ActiveCfg = Release|Any CPU
		{6BA320D9-7997-43D6-9E0A-E31027F13468}.Release|Any CPU.Build.0 = Release|Any CPU
		{7C2F10F1-1D06-4B75-90F6-B491CCCBDF26}.Debug|Any CPU.ActiveCfg = Debug|Any CPU
		{7C2F10F1-1D06-4B75-90F6-B491CCCBDF26}.Debug|Any CPU.Build.0 = Debug|Any CPU
		{7C2F10F1-1D06-4B75-90F6-B491CCCBDF26}.Release|Any CPU.ActiveCfg = Release|Any CPU
		{7C2F10F1-1D06-4B75-90F6-B491CCCBDF26}.Release|Any CPU.Build.0 = Release|Any CPU
		{AD8BEB49-0195-4A05-ABED-3898E802C9E9}.Debug|Any CPU.ActiveCfg = Debug|Any CPU
		{AD8BEB49-0195-4A05-ABED-3898E802C9E9}.Debug|Any CPU.Build.0 = Debug|Any CPU
		{AD8BEB49-0195-4A05-ABED-3898E802C9E9}.Release|Any CPU.ActiveCfg = Release|Any CPU
		{AD8BEB49-0195-4A05-ABED-3898E802C9E9}.Release|Any CPU.Build.0 = Release|Any CPU
		{7E84E106-C7DD-421E-A9C1-871EB5B8E8FE}.Debug|Any CPU.ActiveCfg = Debug|Any CPU
		{7E84E106-C7DD-421E-A9C1-871EB5B8E8FE}.Debug|Any CPU.Build.0 = Debug|Any CPU
		{7E84E106-C7DD-421E-A9C1-871EB5B8E8FE}.Release|Any CPU.ActiveCfg = Release|Any CPU
		{7E84E106-C7DD-421E-A9C1-871EB5B8E8FE}.Release|Any CPU.Build.0 = Release|Any CPU
	EndGlobalSection
	GlobalSection(SolutionProperties) = preSolution
		HideSolutionNode = FALSE
	EndGlobalSection
	GlobalSection(NestedProjects) = preSolution
		{D320BA30-8D9D-4AE3-908D-1CC6D697B7DA} = {EB80B373-B2CD-4597-9A52-A8B7E680D8D0}
		{4BC20209-A232-4B9E-A426-C700A58B4537} = {4A9F7AE4-67DF-4EA8-8BB9-F069D620324B}
		{E5100FEB-0A1F-4F62-B091-40117812EB84} = {4A9F7AE4-67DF-4EA8-8BB9-F069D620324B}
		{9DDFC06E-C33C-4F15-A2E1-1CEE4596E2A3} = {215C3590-3D88-451F-96CB-DE17371B1C49}
		{7431ACC5-E58F-4DE8-8DDC-6BCD879CB6D7} = {0071D040-503B-4DA1-981A-D5E36A14AC40}
		{D00E6335-43CF-435B-A05A-065CB8EBC117} = {EB80B373-B2CD-4597-9A52-A8B7E680D8D0}
		{6A7F981C-FC0C-49A1-86E7-11A4B869489D} = {EB80B373-B2CD-4597-9A52-A8B7E680D8D0}
		{4F4D485D-46D0-4AC2-9C0E-CA6EA484CB0D} = {198D0C6E-5067-496A-A41B-2596AC854E09}
		{2C7AD683-07A7-40F8-8829-A2EF177A5CF9} = {198D0C6E-5067-496A-A41B-2596AC854E09}
		{D5A90EDE-6158-443B-A223-66A9F96D8BAE} = {198D0C6E-5067-496A-A41B-2596AC854E09}
		{3E992E26-E26E-4B4C-8479-D6BEF0451243} = {D6B850FC-F1F1-47F9-84B2-38567F9D8354}
		{6BA320D9-7997-43D6-9E0A-E31027F13468} = {D6B850FC-F1F1-47F9-84B2-38567F9D8354}
		{7C2F10F1-1D06-4B75-90F6-B491CCCBDF26} = {D6B850FC-F1F1-47F9-84B2-38567F9D8354}
		{AD8BEB49-0195-4A05-ABED-3898E802C9E9} = {D6B850FC-F1F1-47F9-84B2-38567F9D8354}
		{7E84E106-C7DD-421E-A9C1-871EB5B8E8FE} = {D6B850FC-F1F1-47F9-84B2-38567F9D8354}
	EndGlobalSection
	GlobalSection(ExtensibilityGlobals) = postSolution
		SolutionGuid = {89900C5A-936B-4DDD-AC8D-FE63B583E906}
	EndGlobalSection
EndGlobal
